// !$*UTF8*$!
{
	archiveVersion = 1;
	classes = {
	};
	objectVersion = 46;
	objects = {

/* Begin PBXBuildFile section */
		108F6115151CBC69004613B7 /* Accounts.framework in Frameworks */ = {isa = PBXBuildFile; fileRef = 108F6114151CBC69004613B7 /* Accounts.framework */; };
		930F577C151BD35900D3594C /* UIKit.framework in Frameworks */ = {isa = PBXBuildFile; fileRef = 930F577B151BD35900D3594C /* UIKit.framework */; };
		930F577E151BD35900D3594C /* Foundation.framework in Frameworks */ = {isa = PBXBuildFile; fileRef = 930F577D151BD35900D3594C /* Foundation.framework */; };
		930F5780151BD35900D3594C /* CoreGraphics.framework in Frameworks */ = {isa = PBXBuildFile; fileRef = 930F577F151BD35900D3594C /* CoreGraphics.framework */; };
		930F5786151BD35900D3594C /* InfoPlist.strings in Resources */ = {isa = PBXBuildFile; fileRef = 930F5784151BD35900D3594C /* InfoPlist.strings */; };
		930F5788151BD35900D3594C /* main.m in Sources */ = {isa = PBXBuildFile; fileRef = 930F5787151BD35900D3594C /* main.m */; };
		930F578C151BD35900D3594C /* AppDelegate.m in Sources */ = {isa = PBXBuildFile; fileRef = 930F578B151BD35900D3594C /* AppDelegate.m */; };
		930F5794151BD35A00D3594C /* SenTestingKit.framework in Frameworks */ = {isa = PBXBuildFile; fileRef = 930F5793151BD35A00D3594C /* SenTestingKit.framework */; };
		930F5795151BD35A00D3594C /* UIKit.framework in Frameworks */ = {isa = PBXBuildFile; fileRef = 930F577B151BD35900D3594C /* UIKit.framework */; };
		930F5796151BD35A00D3594C /* Foundation.framework in Frameworks */ = {isa = PBXBuildFile; fileRef = 930F577D151BD35900D3594C /* Foundation.framework */; };
		930F579E151BD35A00D3594C /* InfoPlist.strings in Resources */ = {isa = PBXBuildFile; fileRef = 930F579C151BD35A00D3594C /* InfoPlist.strings */; };
		930F57A1151BD35A00D3594C /* TweetsAgainstHumanityTests.m in Sources */ = {isa = PBXBuildFile; fileRef = 930F57A0151BD35A00D3594C /* TweetsAgainstHumanityTests.m */; };
		930F57B8151BD4AC00D3594C /* Default.png in Resources */ = {isa = PBXBuildFile; fileRef = 930F57B7151BD4AC00D3594C /* Default.png */; };
		930F57BA151BD4AE00D3594C /* Default@2x.png in Resources */ = {isa = PBXBuildFile; fileRef = 930F57B9151BD4AE00D3594C /* Default@2x.png */; };
		930F57BE151BD52800D3594C /* LoadingViewController.m in Sources */ = {isa = PBXBuildFile; fileRef = 930F57BC151BD52800D3594C /* LoadingViewController.m */; };
		930F57BF151BD52800D3594C /* LoadingViewController.xib in Resources */ = {isa = PBXBuildFile; fileRef = 930F57BD151BD52800D3594C /* LoadingViewController.xib */; };
		930F57C3151BD68E00D3594C /* categories.plist in Resources */ = {isa = PBXBuildFile; fileRef = 930F57C1151BD68E00D3594C /* categories.plist */; };
		930F57C4151BD68E00D3594C /* responses.plist in Resources */ = {isa = PBXBuildFile; fileRef = 930F57C2151BD68E00D3594C /* responses.plist */; };
		930F57C6151BD69500D3594C /* Assets in Resources */ = {isa = PBXBuildFile; fileRef = 930F57C5151BD69500D3594C /* Assets */; };
		930F57C9151BD8A200D3594C /* GameParameters.m in Sources */ = {isa = PBXBuildFile; fileRef = 930F57C8151BD8A200D3594C /* GameParameters.m */; };
		930F57CD151BDBBF00D3594C /* MainViewController.m in Sources */ = {isa = PBXBuildFile; fileRef = 930F57CB151BDBBF00D3594C /* MainViewController.m */; };
		930F57CE151BDBBF00D3594C /* MainViewController.xib in Resources */ = {isa = PBXBuildFile; fileRef = 930F57CC151BDBBF00D3594C /* MainViewController.xib */; };
		930F57D2151BDDD900D3594C /* TwitterCache.m in Sources */ = {isa = PBXBuildFile; fileRef = 930F57D1151BDDD900D3594C /* TwitterCache.m */; };
		930F57D4151BDF5300D3594C /* Twitter.framework in Frameworks */ = {isa = PBXBuildFile; fileRef = 930F57D3151BDF5300D3594C /* Twitter.framework */; };
		930F58C7151BEB6A00D3594C /* libxml2.dylib in Frameworks */ = {isa = PBXBuildFile; fileRef = 930F58C6151BEB6A00D3594C /* libxml2.dylib */; };
		930F58CA151CBBFD00D3594C /* ActiveGameTableViewController.m in Sources */ = {isa = PBXBuildFile; fileRef = 930F58C9151CBBFD00D3594C /* ActiveGameTableViewController.m */; };
		930F58CC151CCF5200D3594C /* text.plist in Resources */ = {isa = PBXBuildFile; fileRef = 930F58CB151CCF5200D3594C /* text.plist */; };
		930F58D0151CD06E00D3594C /* NSDictionary+XMG.m in Sources */ = {isa = PBXBuildFile; fileRef = 930F58CF151CD06E00D3594C /* NSDictionary+XMG.m */; };
		930F58D8151CE8AA00D3594C /* ChooseWhiteViewController.m in Sources */ = {isa = PBXBuildFile; fileRef = 930F58D6151CE8AA00D3594C /* ChooseWhiteViewController.m */; };
		930F58D9151CE8AA00D3594C /* ChooseWhiteViewController.xib in Resources */ = {isa = PBXBuildFile; fileRef = 930F58D7151CE8AA00D3594C /* ChooseWhiteViewController.xib */; };
/* End PBXBuildFile section */

/* Begin PBXContainerItemProxy section */
		930F5797151BD35A00D3594C /* PBXContainerItemProxy */ = {
			isa = PBXContainerItemProxy;
			containerPortal = 930F576E151BD35900D3594C /* Project object */;
			proxyType = 1;
			remoteGlobalIDString = 930F5776151BD35900D3594C;
			remoteInfo = TweetsAgainstHumanity;
		};
/* End PBXContainerItemProxy section */

/* Begin PBXFileReference section */
		108F6114151CBC69004613B7 /* Accounts.framework */ = {isa = PBXFileReference; lastKnownFileType = wrapper.framework; name = Accounts.framework; path = System/Library/Frameworks/Accounts.framework; sourceTree = SDKROOT; };
		930F5777151BD35900D3594C /* TweetsAgainstHumanity.app */ = {isa = PBXFileReference; explicitFileType = wrapper.application; includeInIndex = 0; path = TweetsAgainstHumanity.app; sourceTree = BUILT_PRODUCTS_DIR; };
		930F577B151BD35900D3594C /* UIKit.framework */ = {isa = PBXFileReference; lastKnownFileType = wrapper.framework; name = UIKit.framework; path = System/Library/Frameworks/UIKit.framework; sourceTree = SDKROOT; };
		930F577D151BD35900D3594C /* Foundation.framework */ = {isa = PBXFileReference; lastKnownFileType = wrapper.framework; name = Foundation.framework; path = System/Library/Frameworks/Foundation.framework; sourceTree = SDKROOT; };
		930F577F151BD35900D3594C /* CoreGraphics.framework */ = {isa = PBXFileReference; lastKnownFileType = wrapper.framework; name = CoreGraphics.framework; path = System/Library/Frameworks/CoreGraphics.framework; sourceTree = SDKROOT; };
		930F5783151BD35900D3594C /* TweetsAgainstHumanity-Info.plist */ = {isa = PBXFileReference; lastKnownFileType = text.plist.xml; path = "TweetsAgainstHumanity-Info.plist"; sourceTree = "<group>"; };
		930F5785151BD35900D3594C /* en */ = {isa = PBXFileReference; lastKnownFileType = text.plist.strings; name = en; path = en.lproj/InfoPlist.strings; sourceTree = "<group>"; };
		930F5787151BD35900D3594C /* main.m */ = {isa = PBXFileReference; lastKnownFileType = sourcecode.c.objc; path = main.m; sourceTree = "<group>"; };
		930F5789151BD35900D3594C /* TweetsAgainstHumanity-Prefix.pch */ = {isa = PBXFileReference; lastKnownFileType = sourcecode.c.h; path = "TweetsAgainstHumanity-Prefix.pch"; sourceTree = "<group>"; };
		930F578A151BD35900D3594C /* AppDelegate.h */ = {isa = PBXFileReference; lastKnownFileType = sourcecode.c.h; path = AppDelegate.h; sourceTree = "<group>"; };
		930F578B151BD35900D3594C /* AppDelegate.m */ = {isa = PBXFileReference; lastKnownFileType = sourcecode.c.objc; path = AppDelegate.m; sourceTree = "<group>"; };
		930F5792151BD35A00D3594C /* TweetsAgainstHumanityTests.octest */ = {isa = PBXFileReference; explicitFileType = wrapper.cfbundle; includeInIndex = 0; path = TweetsAgainstHumanityTests.octest; sourceTree = BUILT_PRODUCTS_DIR; };
		930F5793151BD35A00D3594C /* SenTestingKit.framework */ = {isa = PBXFileReference; lastKnownFileType = wrapper.framework; name = SenTestingKit.framework; path = Library/Frameworks/SenTestingKit.framework; sourceTree = DEVELOPER_DIR; };
		930F579B151BD35A00D3594C /* TweetsAgainstHumanityTests-Info.plist */ = {isa = PBXFileReference; lastKnownFileType = text.plist.xml; path = "TweetsAgainstHumanityTests-Info.plist"; sourceTree = "<group>"; };
		930F579D151BD35A00D3594C /* en */ = {isa = PBXFileReference; lastKnownFileType = text.plist.strings; name = en; path = en.lproj/InfoPlist.strings; sourceTree = "<group>"; };
		930F579F151BD35A00D3594C /* TweetsAgainstHumanityTests.h */ = {isa = PBXFileReference; lastKnownFileType = sourcecode.c.h; path = TweetsAgainstHumanityTests.h; sourceTree = "<group>"; };
		930F57A0151BD35A00D3594C /* TweetsAgainstHumanityTests.m */ = {isa = PBXFileReference; lastKnownFileType = sourcecode.c.objc; path = TweetsAgainstHumanityTests.m; sourceTree = "<group>"; };
		930F57B7151BD4AC00D3594C /* Default.png */ = {isa = PBXFileReference; lastKnownFileType = image.png; path = Default.png; sourceTree = "<group>"; };
		930F57B9151BD4AE00D3594C /* Default@2x.png */ = {isa = PBXFileReference; lastKnownFileType = image.png; path = "Default@2x.png"; sourceTree = "<group>"; };
		930F57BB151BD52800D3594C /* LoadingViewController.h */ = {isa = PBXFileReference; fileEncoding = 4; lastKnownFileType = sourcecode.c.h; path = LoadingViewController.h; sourceTree = "<group>"; };
		930F57BC151BD52800D3594C /* LoadingViewController.m */ = {isa = PBXFileReference; fileEncoding = 4; lastKnownFileType = sourcecode.c.objc; path = LoadingViewController.m; sourceTree = "<group>"; };
		930F57BD151BD52800D3594C /* LoadingViewController.xib */ = {isa = PBXFileReference; fileEncoding = 4; lastKnownFileType = file.xib; path = LoadingViewController.xib; sourceTree = "<group>"; };
		930F57C1151BD68E00D3594C /* categories.plist */ = {isa = PBXFileReference; fileEncoding = 4; lastKnownFileType = text.plist.xml; path = categories.plist; sourceTree = "<group>"; };
		930F57C2151BD68E00D3594C /* responses.plist */ = {isa = PBXFileReference; fileEncoding = 4; lastKnownFileType = text.plist.xml; path = responses.plist; sourceTree = "<group>"; };
		930F57C5151BD69500D3594C /* Assets */ = {isa = PBXFileReference; lastKnownFileType = folder; name = Assets; path = ../Assets; sourceTree = "<group>"; };
		930F57C7151BD8A200D3594C /* GameParameters.h */ = {isa = PBXFileReference; fileEncoding = 4; lastKnownFileType = sourcecode.c.h; path = GameParameters.h; sourceTree = "<group>"; };
		930F57C8151BD8A200D3594C /* GameParameters.m */ = {isa = PBXFileReference; fileEncoding = 4; lastKnownFileType = sourcecode.c.objc; path = GameParameters.m; sourceTree = "<group>"; };
		930F57CA151BDBBF00D3594C /* MainViewController.h */ = {isa = PBXFileReference; fileEncoding = 4; lastKnownFileType = sourcecode.c.h; path = MainViewController.h; sourceTree = "<group>"; };
		930F57CB151BDBBF00D3594C /* MainViewController.m */ = {isa = PBXFileReference; fileEncoding = 4; lastKnownFileType = sourcecode.c.objc; path = MainViewController.m; sourceTree = "<group>"; };
		930F57CC151BDBBF00D3594C /* MainViewController.xib */ = {isa = PBXFileReference; fileEncoding = 4; lastKnownFileType = file.xib; path = MainViewController.xib; sourceTree = "<group>"; };
		930F57D0151BDDD900D3594C /* TwitterCache.h */ = {isa = PBXFileReference; fileEncoding = 4; lastKnownFileType = sourcecode.c.h; path = TwitterCache.h; sourceTree = "<group>"; };
		930F57D1151BDDD900D3594C /* TwitterCache.m */ = {isa = PBXFileReference; fileEncoding = 4; lastKnownFileType = sourcecode.c.objc; path = TwitterCache.m; sourceTree = "<group>"; };
		930F57D3151BDF5300D3594C /* Twitter.framework */ = {isa = PBXFileReference; lastKnownFileType = wrapper.framework; name = Twitter.framework; path = System/Library/Frameworks/Twitter.framework; sourceTree = SDKROOT; };
		930F58C6151BEB6A00D3594C /* libxml2.dylib */ = {isa = PBXFileReference; lastKnownFileType = "compiled.mach-o.dylib"; name = libxml2.dylib; path = usr/lib/libxml2.dylib; sourceTree = SDKROOT; };
		930F58C8151CBBFD00D3594C /* ActiveGameTableViewController.h */ = {isa = PBXFileReference; fileEncoding = 4; lastKnownFileType = sourcecode.c.h; path = ActiveGameTableViewController.h; sourceTree = "<group>"; };
		930F58C9151CBBFD00D3594C /* ActiveGameTableViewController.m */ = {isa = PBXFileReference; fileEncoding = 4; lastKnownFileType = sourcecode.c.objc; path = ActiveGameTableViewController.m; sourceTree = "<group>"; };
		930F58CB151CCF5200D3594C /* text.plist */ = {isa = PBXFileReference; fileEncoding = 4; lastKnownFileType = text.plist.xml; path = text.plist; sourceTree = "<group>"; };
		930F58CD151CD02800D3594C /* XMGMacros.h */ = {isa = PBXFileReference; fileEncoding = 4; lastKnownFileType = sourcecode.c.h; path = XMGMacros.h; sourceTree = "<group>"; };
		930F58CE151CD06E00D3594C /* NSDictionary+XMG.h */ = {isa = PBXFileReference; fileEncoding = 4; lastKnownFileType = sourcecode.c.h; path = "NSDictionary+XMG.h"; sourceTree = "<group>"; };
		930F58CF151CD06E00D3594C /* NSDictionary+XMG.m */ = {isa = PBXFileReference; fileEncoding = 4; lastKnownFileType = sourcecode.c.objc; path = "NSDictionary+XMG.m"; sourceTree = "<group>"; };
		930F58D1151CD0E400D3594C /* Category.h */ = {isa = PBXFileReference; fileEncoding = 4; lastKnownFileType = sourcecode.c.h; path = Category.h; sourceTree = "<group>"; };
		930F58D5151CE8AA00D3594C /* ChooseWhiteViewController.h */ = {isa = PBXFileReference; fileEncoding = 4; lastKnownFileType = sourcecode.c.h; path = ChooseWhiteViewController.h; sourceTree = "<group>"; };
		930F58D6151CE8AA00D3594C /* ChooseWhiteViewController.m */ = {isa = PBXFileReference; fileEncoding = 4; lastKnownFileType = sourcecode.c.objc; path = ChooseWhiteViewController.m; sourceTree = "<group>"; };
		930F58D7151CE8AA00D3594C /* ChooseWhiteViewController.xib */ = {isa = PBXFileReference; fileEncoding = 4; lastKnownFileType = file.xib; path = ChooseWhiteViewController.xib; sourceTree = "<group>"; };
/* End PBXFileReference section */

/* Begin PBXFrameworksBuildPhase section */
		930F5774151BD35900D3594C /* Frameworks */ = {
			isa = PBXFrameworksBuildPhase;
			buildActionMask = 2147483647;
			files = (
				108F6115151CBC69004613B7 /* Accounts.framework in Frameworks */,
				930F58C7151BEB6A00D3594C /* libxml2.dylib in Frameworks */,
				930F57D4151BDF5300D3594C /* Twitter.framework in Frameworks */,
				930F577C151BD35900D3594C /* UIKit.framework in Frameworks */,
				930F577E151BD35900D3594C /* Foundation.framework in Frameworks */,
				930F5780151BD35900D3594C /* CoreGraphics.framework in Frameworks */,
			);
			runOnlyForDeploymentPostprocessing = 0;
		};
		930F578E151BD35A00D3594C /* Frameworks */ = {
			isa = PBXFrameworksBuildPhase;
			buildActionMask = 2147483647;
			files = (
				930F5794151BD35A00D3594C /* SenTestingKit.framework in Frameworks */,
				930F5795151BD35A00D3594C /* UIKit.framework in Frameworks */,
				930F5796151BD35A00D3594C /* Foundation.framework in Frameworks */,
			);
			runOnlyForDeploymentPostprocessing = 0;
		};
/* End PBXFrameworksBuildPhase section */

/* Begin PBXGroup section */
		930F576C151BD35900D3594C = {
			isa = PBXGroup;
			children = (
				108F6114151CBC69004613B7 /* Accounts.framework */,
				930F58C6151BEB6A00D3594C /* libxml2.dylib */,
				930F57B9151BD4AE00D3594C /* Default@2x.png */,
				930F57B7151BD4AC00D3594C /* Default.png */,
				930F5781151BD35900D3594C /* TweetsAgainstHumanity */,
				930F5799151BD35A00D3594C /* TweetsAgainstHumanityTests */,
				930F577A151BD35900D3594C /* Frameworks */,
				930F5778151BD35900D3594C /* Products */,
			);
			sourceTree = "<group>";
		};
		930F5778151BD35900D3594C /* Products */ = {
			isa = PBXGroup;
			children = (
				930F5777151BD35900D3594C /* TweetsAgainstHumanity.app */,
				930F5792151BD35A00D3594C /* TweetsAgainstHumanityTests.octest */,
			);
			name = Products;
			sourceTree = "<group>";
		};
		930F577A151BD35900D3594C /* Frameworks */ = {
			isa = PBXGroup;
			children = (
				930F57D3151BDF5300D3594C /* Twitter.framework */,
				930F577B151BD35900D3594C /* UIKit.framework */,
				930F577D151BD35900D3594C /* Foundation.framework */,
				930F577F151BD35900D3594C /* CoreGraphics.framework */,
				930F5793151BD35A00D3594C /* SenTestingKit.framework */,
			);
			name = Frameworks;
			sourceTree = "<group>";
		};
		930F5781151BD35900D3594C /* TweetsAgainstHumanity */ = {
			isa = PBXGroup;
			children = (
				930F58D1151CD0E400D3594C /* Category.h */,
				930F58CE151CD06E00D3594C /* NSDictionary+XMG.h */,
				930F58CF151CD06E00D3594C /* NSDictionary+XMG.m */,
				930F58CD151CD02800D3594C /* XMGMacros.h */,
				930F57CF151BDDBD00D3594C /* Models */,
				930F57C5151BD69500D3594C /* Assets */,
				930F57C0151BD68E00D3594C /* Design */,
				930F57B6151BD48000D3594C /* View Controllers */,
				930F578A151BD35900D3594C /* AppDelegate.h */,
				930F578B151BD35900D3594C /* AppDelegate.m */,
				930F5782151BD35900D3594C /* Supporting Files */,
			);
			path = TweetsAgainstHumanity;
			sourceTree = "<group>";
		};
		930F5782151BD35900D3594C /* Supporting Files */ = {
			isa = PBXGroup;
			children = (
				930F5783151BD35900D3594C /* TweetsAgainstHumanity-Info.plist */,
				930F5784151BD35900D3594C /* InfoPlist.strings */,
				930F5787151BD35900D3594C /* main.m */,
				930F5789151BD35900D3594C /* TweetsAgainstHumanity-Prefix.pch */,
			);
			name = "Supporting Files";
			sourceTree = "<group>";
		};
		930F5799151BD35A00D3594C /* TweetsAgainstHumanityTests */ = {
			isa = PBXGroup;
			children = (
				930F579F151BD35A00D3594C /* TweetsAgainstHumanityTests.h */,
				930F57A0151BD35A00D3594C /* TweetsAgainstHumanityTests.m */,
				930F579A151BD35A00D3594C /* Supporting Files */,
			);
			path = TweetsAgainstHumanityTests;
			sourceTree = "<group>";
		};
		930F579A151BD35A00D3594C /* Supporting Files */ = {
			isa = PBXGroup;
			children = (
				930F579B151BD35A00D3594C /* TweetsAgainstHumanityTests-Info.plist */,
				930F579C151BD35A00D3594C /* InfoPlist.strings */,
			);
			name = "Supporting Files";
			sourceTree = "<group>";
		};
		930F57B6151BD48000D3594C /* View Controllers */ = {
			isa = PBXGroup;
			children = (
				930F57BB151BD52800D3594C /* LoadingViewController.h */,
				930F57BC151BD52800D3594C /* LoadingViewController.m */,
				930F57BD151BD52800D3594C /* LoadingViewController.xib */,
				930F57CA151BDBBF00D3594C /* MainViewController.h */,
				930F57CB151BDBBF00D3594C /* MainViewController.m */,
				930F57CC151BDBBF00D3594C /* MainViewController.xib */,
				930F58C8151CBBFD00D3594C /* ActiveGameTableViewController.h */,
				930F58C9151CBBFD00D3594C /* ActiveGameTableViewController.m */,
				930F58D5151CE8AA00D3594C /* ChooseWhiteViewController.h */,
				930F58D6151CE8AA00D3594C /* ChooseWhiteViewController.m */,
				930F58D7151CE8AA00D3594C /* ChooseWhiteViewController.xib */,
			);
			name = "View Controllers";
			sourceTree = "<group>";
		};
		930F57C0151BD68E00D3594C /* Design */ = {
			isa = PBXGroup;
			children = (
				930F57C1151BD68E00D3594C /* categories.plist */,
				930F57C2151BD68E00D3594C /* responses.plist */,
				930F58CB151CCF5200D3594C /* text.plist */,
			);
			path = Design;
			sourceTree = SOURCE_ROOT;
		};
		930F57CF151BDDBD00D3594C /* Models */ = {
			isa = PBXGroup;
			children = (
				930F57C7151BD8A200D3594C /* GameParameters.h */,
				930F57C8151BD8A200D3594C /* GameParameters.m */,
				930F57D0151BDDD900D3594C /* TwitterCache.h */,
				930F57D1151BDDD900D3594C /* TwitterCache.m */,
			);
			name = Models;
			path = ../Design;
			sourceTree = "<group>";
		};
/* End PBXGroup section */

/* Begin PBXNativeTarget section */
		930F5776151BD35900D3594C /* TweetsAgainstHumanity */ = {
			isa = PBXNativeTarget;
			buildConfigurationList = 930F57A4151BD35A00D3594C /* Build configuration list for PBXNativeTarget "TweetsAgainstHumanity" */;
			buildPhases = (
				930F5773151BD35900D3594C /* Sources */,
				930F5774151BD35900D3594C /* Frameworks */,
				930F5775151BD35900D3594C /* Resources */,
			);
			buildRules = (
			);
			dependencies = (
			);
			name = TweetsAgainstHumanity;
			productName = TweetsAgainstHumanity;
			productReference = 930F5777151BD35900D3594C /* TweetsAgainstHumanity.app */;
			productType = "com.apple.product-type.application";
		};
		930F5791151BD35A00D3594C /* TweetsAgainstHumanityTests */ = {
			isa = PBXNativeTarget;
			buildConfigurationList = 930F57A7151BD35A00D3594C /* Build configuration list for PBXNativeTarget "TweetsAgainstHumanityTests" */;
			buildPhases = (
				930F578D151BD35A00D3594C /* Sources */,
				930F578E151BD35A00D3594C /* Frameworks */,
				930F578F151BD35A00D3594C /* Resources */,
				930F5790151BD35A00D3594C /* ShellScript */,
			);
			buildRules = (
			);
			dependencies = (
				930F5798151BD35A00D3594C /* PBXTargetDependency */,
			);
			name = TweetsAgainstHumanityTests;
			productName = TweetsAgainstHumanityTests;
			productReference = 930F5792151BD35A00D3594C /* TweetsAgainstHumanityTests.octest */;
			productType = "com.apple.product-type.bundle";
		};
/* End PBXNativeTarget section */

/* Begin PBXProject section */
		930F576E151BD35900D3594C /* Project object */ = {
			isa = PBXProject;
			attributes = {
				LastUpgradeCheck = 0420;
			};
			buildConfigurationList = 930F5771151BD35900D3594C /* Build configuration list for PBXProject "TweetsAgainstHumanity" */;
			compatibilityVersion = "Xcode 3.2";
			developmentRegion = English;
			hasScannedForEncodings = 0;
			knownRegions = (
				en,
			);
			mainGroup = 930F576C151BD35900D3594C;
			productRefGroup = 930F5778151BD35900D3594C /* Products */;
			projectDirPath = "";
			projectRoot = "";
			targets = (
				930F5776151BD35900D3594C /* TweetsAgainstHumanity */,
				930F5791151BD35A00D3594C /* TweetsAgainstHumanityTests */,
			);
		};
/* End PBXProject section */

/* Begin PBXResourcesBuildPhase section */
		930F5775151BD35900D3594C /* Resources */ = {
			isa = PBXResourcesBuildPhase;
			buildActionMask = 2147483647;
			files = (
				930F5786151BD35900D3594C /* InfoPlist.strings in Resources */,
				930F57B8151BD4AC00D3594C /* Default.png in Resources */,
				930F57BA151BD4AE00D3594C /* Default@2x.png in Resources */,
				930F57BF151BD52800D3594C /* LoadingViewController.xib in Resources */,
				930F57C3151BD68E00D3594C /* categories.plist in Resources */,
				930F57C4151BD68E00D3594C /* responses.plist in Resources */,
				930F57C6151BD69500D3594C /* Assets in Resources */,
				930F57CE151BDBBF00D3594C /* MainViewController.xib in Resources */,
				930F58CC151CCF5200D3594C /* text.plist in Resources */,
				930F58D9151CE8AA00D3594C /* ChooseWhiteViewController.xib in Resources */,
			);
			runOnlyForDeploymentPostprocessing = 0;
		};
		930F578F151BD35A00D3594C /* Resources */ = {
			isa = PBXResourcesBuildPhase;
			buildActionMask = 2147483647;
			files = (
				930F579E151BD35A00D3594C /* InfoPlist.strings in Resources */,
			);
			runOnlyForDeploymentPostprocessing = 0;
		};
/* End PBXResourcesBuildPhase section */

/* Begin PBXShellScriptBuildPhase section */
		930F5790151BD35A00D3594C /* ShellScript */ = {
			isa = PBXShellScriptBuildPhase;
			buildActionMask = 2147483647;
			files = (
			);
			inputPaths = (
			);
			outputPaths = (
			);
			runOnlyForDeploymentPostprocessing = 0;
			shellPath = /bin/sh;
			shellScript = "# Run the unit tests in this test bundle.\n\"${SYSTEM_DEVELOPER_DIR}/Tools/RunUnitTests\"\n";
		};
/* End PBXShellScriptBuildPhase section */

/* Begin PBXSourcesBuildPhase section */
		930F5773151BD35900D3594C /* Sources */ = {
			isa = PBXSourcesBuildPhase;
			buildActionMask = 2147483647;
			files = (
				930F5788151BD35900D3594C /* main.m in Sources */,
				930F578C151BD35900D3594C /* AppDelegate.m in Sources */,
				930F57BE151BD52800D3594C /* LoadingViewController.m in Sources */,
				930F57C9151BD8A200D3594C /* GameParameters.m in Sources */,
				930F57CD151BDBBF00D3594C /* MainViewController.m in Sources */,
				930F57D2151BDDD900D3594C /* TwitterCache.m in Sources */,
				930F58CA151CBBFD00D3594C /* ActiveGameTableViewController.m in Sources */,
				930F58D0151CD06E00D3594C /* NSDictionary+XMG.m in Sources */,
				930F58D8151CE8AA00D3594C /* ChooseWhiteViewController.m in Sources */,
			);
			runOnlyForDeploymentPostprocessing = 0;
		};
		930F578D151BD35A00D3594C /* Sources */ = {
			isa = PBXSourcesBuildPhase;
			buildActionMask = 2147483647;
			files = (
				930F57A1151BD35A00D3594C /* TweetsAgainstHumanityTests.m in Sources */,
			);
			runOnlyForDeploymentPostprocessing = 0;
		};
/* End PBXSourcesBuildPhase section */

/* Begin PBXTargetDependency section */
		930F5798151BD35A00D3594C /* PBXTargetDependency */ = {
			isa = PBXTargetDependency;
			target = 930F5776151BD35900D3594C /* TweetsAgainstHumanity */;
			targetProxy = 930F5797151BD35A00D3594C /* PBXContainerItemProxy */;
		};
/* End PBXTargetDependency section */

/* Begin PBXVariantGroup section */
		930F5784151BD35900D3594C /* InfoPlist.strings */ = {
			isa = PBXVariantGroup;
			children = (
				930F5785151BD35900D3594C /* en */,
			);
			name = InfoPlist.strings;
			sourceTree = "<group>";
		};
		930F579C151BD35A00D3594C /* InfoPlist.strings */ = {
			isa = PBXVariantGroup;
			children = (
				930F579D151BD35A00D3594C /* en */,
			);
			name = InfoPlist.strings;
			sourceTree = "<group>";
		};
/* End PBXVariantGroup section */

/* Begin XCBuildConfiguration section */
		930F57A2151BD35A00D3594C /* Debug */ = {
			isa = XCBuildConfiguration;
			buildSettings = {
				ALWAYS_SEARCH_USER_PATHS = NO;
				ARCHS = "$(ARCHS_STANDARD_32_BIT)";
				CLANG_ENABLE_OBJC_ARC = YES;
				"CODE_SIGN_IDENTITY[sdk=iphoneos*]" = "iPhone Developer";
				COPY_PHASE_STRIP = NO;
				GCC_C_LANGUAGE_STANDARD = gnu99;
				GCC_DYNAMIC_NO_PIC = NO;
				GCC_OPTIMIZATION_LEVEL = 0;
				GCC_PREPROCESSOR_DEFINITIONS = (
					"DEBUG=1",
					"$(inherited)",
				);
				GCC_SYMBOLS_PRIVATE_EXTERN = NO;
				GCC_VERSION = com.apple.compilers.llvm.clang.1_0;
				GCC_WARN_ABOUT_MISSING_PROTOTYPES = YES;
				GCC_WARN_ABOUT_RETURN_TYPE = YES;
				GCC_WARN_UNUSED_VARIABLE = YES;
				IPHONEOS_DEPLOYMENT_TARGET = 5.0;
				SDKROOT = iphoneos;
			};
			name = Debug;
		};
		930F57A3151BD35A00D3594C /* Release */ = {
			isa = XCBuildConfiguration;
			buildSettings = {
				ALWAYS_SEARCH_USER_PATHS = NO;
				ARCHS = "$(ARCHS_STANDARD_32_BIT)";
				CLANG_ENABLE_OBJC_ARC = YES;
				"CODE_SIGN_IDENTITY[sdk=iphoneos*]" = "iPhone Developer";
				COPY_PHASE_STRIP = YES;
				GCC_C_LANGUAGE_STANDARD = gnu99;
				GCC_VERSION = com.apple.compilers.llvm.clang.1_0;
				GCC_WARN_ABOUT_MISSING_PROTOTYPES = YES;
				GCC_WARN_ABOUT_RETURN_TYPE = YES;
				GCC_WARN_UNUSED_VARIABLE = YES;
				IPHONEOS_DEPLOYMENT_TARGET = 5.0;
				OTHER_CFLAGS = "-DNS_BLOCK_ASSERTIONS=1";
				SDKROOT = iphoneos;
				VALIDATE_PRODUCT = YES;
			};
			name = Release;
		};
		930F57A5151BD35A00D3594C /* Debug */ = {
			isa = XCBuildConfiguration;
			buildSettings = {
				GCC_PRECOMPILE_PREFIX_HEADER = YES;
				GCC_PREFIX_HEADER = "TweetsAgainstHumanity/TweetsAgainstHumanity-Prefix.pch";
				HEADER_SEARCH_PATHS = "$SDK_DIR/usr/include/libxml2/**";
				INFOPLIST_FILE = "TweetsAgainstHumanity/TweetsAgainstHumanity-Info.plist";
				PRODUCT_NAME = "$(TARGET_NAME)";
				WRAPPER_EXTENSION = app;
			};
			name = Debug;
		};
		930F57A6151BD35A00D3594C /* Release */ = {
			isa = XCBuildConfiguration;
			buildSettings = {
				GCC_PRECOMPILE_PREFIX_HEADER = YES;
				GCC_PREFIX_HEADER = "TweetsAgainstHumanity/TweetsAgainstHumanity-Prefix.pch";
				HEADER_SEARCH_PATHS = "$SDK_DIR/usr/include/libxml2/**";
				INFOPLIST_FILE = "TweetsAgainstHumanity/TweetsAgainstHumanity-Info.plist";
				PRODUCT_NAME = "$(TARGET_NAME)";
				WRAPPER_EXTENSION = app;
			};
			name = Release;
		};
		930F57A8151BD35A00D3594C /* Debug */ = {
			isa = XCBuildConfiguration;
			buildSettings = {
				BUNDLE_LOADER = "$(BUILT_PRODUCTS_DIR)/TweetsAgainstHumanity.app/TweetsAgainstHumanity";
				FRAMEWORK_SEARCH_PATHS = (
					"$(SDKROOT)/Developer/Library/Frameworks",
					"$(DEVELOPER_LIBRARY_DIR)/Frameworks",
				);
				GCC_PRECOMPILE_PREFIX_HEADER = YES;
				GCC_PREFIX_HEADER = "TweetsAgainstHumanity/TweetsAgainstHumanity-Prefix.pch";
				INFOPLIST_FILE = "TweetsAgainstHumanityTests/TweetsAgainstHumanityTests-Info.plist";
				PRODUCT_NAME = "$(TARGET_NAME)";
				TEST_HOST = "$(BUNDLE_LOADER)";
				WRAPPER_EXTENSION = octest;
			};
			name = Debug;
		};
		930F57A9151BD35A00D3594C /* Release */ = {
			isa = XCBuildConfiguration;
			buildSettings = {
				BUNDLE_LOADER = "$(BUILT_PRODUCTS_DIR)/TweetsAgainstHumanity.app/TweetsAgainstHumanity";
				FRAMEWORK_SEARCH_PATHS = (
					"$(SDKROOT)/Developer/Library/Frameworks",
					"$(DEVELOPER_LIBRARY_DIR)/Frameworks",
				);
				GCC_PRECOMPILE_PREFIX_HEADER = YES;
				GCC_PREFIX_HEADER = "TweetsAgainstHumanity/TweetsAgainstHumanity-Prefix.pch";
				INFOPLIST_FILE = "TweetsAgainstHumanityTests/TweetsAgainstHumanityTests-Info.plist";
				PRODUCT_NAME = "$(TARGET_NAME)";
				TEST_HOST = "$(BUNDLE_LOADER)";
				WRAPPER_EXTENSION = octest;
			};
			name = Release;
		};
/* End XCBuildConfiguration section */

/* Begin XCConfigurationList section */
		930F5771151BD35900D3594C /* Build configuration list for PBXProject "TweetsAgainstHumanity" */ = {
			isa = XCConfigurationList;
			buildConfigurations = (
				930F57A2151BD35A00D3594C /* Debug */,
				930F57A3151BD35A00D3594C /* Release */,
			);
			defaultConfigurationIsVisible = 0;
			defaultConfigurationName = Release;
		};
		930F57A4151BD35A00D3594C /* Build configuration list for PBXNativeTarget "TweetsAgainstHumanity" */ = {
			isa = XCConfigurationList;
			buildConfigurations = (
				930F57A5151BD35A00D3594C /* Debug */,
				930F57A6151BD35A00D3594C /* Release */,
			);
			defaultConfigurationIsVisible = 0;
			defaultConfigurationName = Release;
		};
		930F57A7151BD35A00D3594C /* Build configuration list for PBXNativeTarget "TweetsAgainstHumanityTests" */ = {
			isa = XCConfigurationList;
			buildConfigurations = (
				930F57A8151BD35A00D3594C /* Debug */,
				930F57A9151BD35A00D3594C /* Release */,
			);
			defaultConfigurationIsVisible = 0;
			defaultConfigurationName = Release;
		};
/* End XCConfigurationList section */
	};
	rootObject = 930F576E151BD35900D3594C /* Project object */;
}
