// !$*UTF8*$!
{
	archiveVersion = 1;
	classes = {
	};
	objectVersion = 46;
	objects = {

/* Begin PBXBuildFile section */
		930F571B151BC66000D3594C /* UIKit.framework in Frameworks */ = {isa = PBXBuildFile; fileRef = 930F571A151BC66000D3594C /* UIKit.framework */; };
		930F571D151BC66000D3594C /* Foundation.framework in Frameworks */ = {isa = PBXBuildFile; fileRef = 930F571C151BC66000D3594C /* Foundation.framework */; };
		930F571F151BC66000D3594C /* CoreGraphics.framework in Frameworks */ = {isa = PBXBuildFile; fileRef = 930F571E151BC66000D3594C /* CoreGraphics.framework */; };
		930F5725151BC66000D3594C /* InfoPlist.strings in Resources */ = {isa = PBXBuildFile; fileRef = 930F5723151BC66000D3594C /* InfoPlist.strings */; };
		930F5727151BC66000D3594C /* main.m in Sources */ = {isa = PBXBuildFile; fileRef = 930F5726151BC66000D3594C /* main.m */; };
		930F572B151BC66000D3594C /* AppDelegate.m in Sources */ = {isa = PBXBuildFile; fileRef = 930F572A151BC66000D3594C /* AppDelegate.m */; };
		930F572E151BC66000D3594C /* MainStoryboard.storyboard in Resources */ = {isa = PBXBuildFile; fileRef = 930F572C151BC66000D3594C /* MainStoryboard.storyboard */; };
		930F5731151BC66000D3594C /* ViewController.m in Sources */ = {isa = PBXBuildFile; fileRef = 930F5730151BC66000D3594C /* ViewController.m */; };
		930F5739151BC66000D3594C /* SenTestingKit.framework in Frameworks */ = {isa = PBXBuildFile; fileRef = 930F5738151BC66000D3594C /* SenTestingKit.framework */; };
		930F573A151BC66000D3594C /* UIKit.framework in Frameworks */ = {isa = PBXBuildFile; fileRef = 930F571A151BC66000D3594C /* UIKit.framework */; };
		930F573B151BC66000D3594C /* Foundation.framework in Frameworks */ = {isa = PBXBuildFile; fileRef = 930F571C151BC66000D3594C /* Foundation.framework */; };
		930F5743151BC66000D3594C /* InfoPlist.strings in Resources */ = {isa = PBXBuildFile; fileRef = 930F5741151BC66000D3594C /* InfoPlist.strings */; };
		930F5746151BC66000D3594C /* tweetagainstTests.m in Sources */ = {isa = PBXBuildFile; fileRef = 930F5745151BC66000D3594C /* tweetagainstTests.m */; };
		930F5755151BCB3F00D3594C /* Twitter.framework in Frameworks */ = {isa = PBXBuildFile; fileRef = 930F5754151BCB3F00D3594C /* Twitter.framework */; };
		930F5757151BCD2500D3594C /* Assets in Resources */ = {isa = PBXBuildFile; fileRef = 930F5756151BCD2500D3594C /* Assets */; };
/* End PBXBuildFile section */

/* Begin PBXContainerItemProxy section */
		930F573C151BC66000D3594C /* PBXContainerItemProxy */ = {
			isa = PBXContainerItemProxy;
			containerPortal = 930F570D151BC66000D3594C /* Project object */;
			proxyType = 1;
			remoteGlobalIDString = 930F5715151BC66000D3594C;
			remoteInfo = tweetagainst;
		};
/* End PBXContainerItemProxy section */

/* Begin PBXFileReference section */
		930F5716151BC66000D3594C /* tweetagainst.app */ = {isa = PBXFileReference; explicitFileType = wrapper.application; includeInIndex = 0; path = tweetagainst.app; sourceTree = BUILT_PRODUCTS_DIR; };
		930F571A151BC66000D3594C /* UIKit.framework */ = {isa = PBXFileReference; lastKnownFileType = wrapper.framework; name = UIKit.framework; path = System/Library/Frameworks/UIKit.framework; sourceTree = SDKROOT; };
		930F571C151BC66000D3594C /* Foundation.framework */ = {isa = PBXFileReference; lastKnownFileType = wrapper.framework; name = Foundation.framework; path = System/Library/Frameworks/Foundation.framework; sourceTree = SDKROOT; };
		930F571E151BC66000D3594C /* CoreGraphics.framework */ = {isa = PBXFileReference; lastKnownFileType = wrapper.framework; name = CoreGraphics.framework; path = System/Library/Frameworks/CoreGraphics.framework; sourceTree = SDKROOT; };
		930F5722151BC66000D3594C /* tweetagainst-Info.plist */ = {isa = PBXFileReference; lastKnownFileType = text.plist.xml; path = "tweetagainst-Info.plist"; sourceTree = "<group>"; };
		930F5724151BC66000D3594C /* en */ = {isa = PBXFileReference; lastKnownFileType = text.plist.strings; name = en; path = en.lproj/InfoPlist.strings; sourceTree = "<group>"; };
		930F5726151BC66000D3594C /* main.m */ = {isa = PBXFileReference; lastKnownFileType = sourcecode.c.objc; path = main.m; sourceTree = "<group>"; };
		930F5728151BC66000D3594C /* tweetagainst-Prefix.pch */ = {isa = PBXFileReference; lastKnownFileType = sourcecode.c.h; path = "tweetagainst-Prefix.pch"; sourceTree = "<group>"; };
		930F5729151BC66000D3594C /* AppDelegate.h */ = {isa = PBXFileReference; lastKnownFileType = sourcecode.c.h; path = AppDelegate.h; sourceTree = "<group>"; };
		930F572A151BC66000D3594C /* AppDelegate.m */ = {isa = PBXFileReference; lastKnownFileType = sourcecode.c.objc; path = AppDelegate.m; sourceTree = "<group>"; };
		930F572D151BC66000D3594C /* en */ = {isa = PBXFileReference; lastKnownFileType = file.storyboard; name = en; path = en.lproj/MainStoryboard.storyboard; sourceTree = "<group>"; };
		930F572F151BC66000D3594C /* ViewController.h */ = {isa = PBXFileReference; lastKnownFileType = sourcecode.c.h; path = ViewController.h; sourceTree = "<group>"; };
		930F5730151BC66000D3594C /* ViewController.m */ = {isa = PBXFileReference; lastKnownFileType = sourcecode.c.objc; path = ViewController.m; sourceTree = "<group>"; };
		930F5737151BC66000D3594C /* tweetagainstTests.octest */ = {isa = PBXFileReference; explicitFileType = wrapper.cfbundle; includeInIndex = 0; path = tweetagainstTests.octest; sourceTree = BUILT_PRODUCTS_DIR; };
		930F5738151BC66000D3594C /* SenTestingKit.framework */ = {isa = PBXFileReference; lastKnownFileType = wrapper.framework; name = SenTestingKit.framework; path = Library/Frameworks/SenTestingKit.framework; sourceTree = DEVELOPER_DIR; };
		930F5740151BC66000D3594C /* tweetagainstTests-Info.plist */ = {isa = PBXFileReference; lastKnownFileType = text.plist.xml; path = "tweetagainstTests-Info.plist"; sourceTree = "<group>"; };
		930F5742151BC66000D3594C /* en */ = {isa = PBXFileReference; lastKnownFileType = text.plist.strings; name = en; path = en.lproj/InfoPlist.strings; sourceTree = "<group>"; };
		930F5744151BC66000D3594C /* tweetagainstTests.h */ = {isa = PBXFileReference; lastKnownFileType = sourcecode.c.h; path = tweetagainstTests.h; sourceTree = "<group>"; };
		930F5745151BC66000D3594C /* tweetagainstTests.m */ = {isa = PBXFileReference; lastKnownFileType = sourcecode.c.objc; path = tweetagainstTests.m; sourceTree = "<group>"; };
		930F5754151BCB3F00D3594C /* Twitter.framework */ = {isa = PBXFileReference; lastKnownFileType = wrapper.framework; name = Twitter.framework; path = System/Library/Frameworks/Twitter.framework; sourceTree = SDKROOT; };
		930F5756151BCD2500D3594C /* Assets */ = {isa = PBXFileReference; lastKnownFileType = folder; path = Assets; sourceTree = SOURCE_ROOT; };
/* End PBXFileReference section */

/* Begin PBXFrameworksBuildPhase section */
		930F5713151BC66000D3594C /* Frameworks */ = {
			isa = PBXFrameworksBuildPhase;
			buildActionMask = 2147483647;
			files = (
				930F5755151BCB3F00D3594C /* Twitter.framework in Frameworks */,
				930F571B151BC66000D3594C /* UIKit.framework in Frameworks */,
				930F571D151BC66000D3594C /* Foundation.framework in Frameworks */,
				930F571F151BC66000D3594C /* CoreGraphics.framework in Frameworks */,
			);
			runOnlyForDeploymentPostprocessing = 0;
		};
		930F5733151BC66000D3594C /* Frameworks */ = {
			isa = PBXFrameworksBuildPhase;
			buildActionMask = 2147483647;
			files = (
				930F5739151BC66000D3594C /* SenTestingKit.framework in Frameworks */,
				930F573A151BC66000D3594C /* UIKit.framework in Frameworks */,
				930F573B151BC66000D3594C /* Foundation.framework in Frameworks */,
			);
			runOnlyForDeploymentPostprocessing = 0;
		};
/* End PBXFrameworksBuildPhase section */

/* Begin PBXGroup section */
		930F570B151BC66000D3594C = {
			isa = PBXGroup;
			children = (
				930F5754151BCB3F00D3594C /* Twitter.framework */,
				930F5720151BC66000D3594C /* tweetagainst */,
				930F573E151BC66000D3594C /* tweetagainstTests */,
				930F5719151BC66000D3594C /* Frameworks */,
				930F5717151BC66000D3594C /* Products */,
			);
			sourceTree = "<group>";
		};
		930F5717151BC66000D3594C /* Products */ = {
			isa = PBXGroup;
			children = (
				930F5716151BC66000D3594C /* tweetagainst.app */,
				930F5737151BC66000D3594C /* tweetagainstTests.octest */,
			);
			name = Products;
			sourceTree = "<group>";
		};
		930F5719151BC66000D3594C /* Frameworks */ = {
			isa = PBXGroup;
			children = (
				930F571A151BC66000D3594C /* UIKit.framework */,
				930F571C151BC66000D3594C /* Foundation.framework */,
				930F571E151BC66000D3594C /* CoreGraphics.framework */,
				930F5738151BC66000D3594C /* SenTestingKit.framework */,
			);
			name = Frameworks;
			sourceTree = "<group>";
		};
		930F5720151BC66000D3594C /* tweetagainst */ = {
			isa = PBXGroup;
			children = (
				930F5756151BCD2500D3594C /* Assets */,
				930F5729151BC66000D3594C /* AppDelegate.h */,
				930F572A151BC66000D3594C /* AppDelegate.m */,
				930F572C151BC66000D3594C /* MainStoryboard.storyboard */,
				930F572F151BC66000D3594C /* ViewController.h */,
				930F5730151BC66000D3594C /* ViewController.m */,
				930F5721151BC66000D3594C /* Supporting Files */,
			);
			path = tweetagainst;
			sourceTree = "<group>";
		};
		930F5721151BC66000D3594C /* Supporting Files */ = {
			isa = PBXGroup;
			children = (
				930F5722151BC66000D3594C /* tweetagainst-Info.plist */,
				930F5723151BC66000D3594C /* InfoPlist.strings */,
				930F5726151BC66000D3594C /* main.m */,
				930F5728151BC66000D3594C /* tweetagainst-Prefix.pch */,
			);
			name = "Supporting Files";
			sourceTree = "<group>";
		};
		930F573E151BC66000D3594C /* tweetagainstTests */ = {
			isa = PBXGroup;
			children = (
				930F5744151BC66000D3594C /* tweetagainstTests.h */,
				930F5745151BC66000D3594C /* tweetagainstTests.m */,
				930F573F151BC66000D3594C /* Supporting Files */,
			);
			path = tweetagainstTests;
			sourceTree = "<group>";
		};
		930F573F151BC66000D3594C /* Supporting Files */ = {
			isa = PBXGroup;
			children = (
				930F5740151BC66000D3594C /* tweetagainstTests-Info.plist */,
				930F5741151BC66000D3594C /* InfoPlist.strings */,
			);
			name = "Supporting Files";
			sourceTree = "<group>";
		};
/* End PBXGroup section */

/* Begin PBXNativeTarget section */
		930F5715151BC66000D3594C /* tweetagainst */ = {
			isa = PBXNativeTarget;
			buildConfigurationList = 930F5749151BC66100D3594C /* Build configuration list for PBXNativeTarget "tweetagainst" */;
			buildPhases = (
				930F5712151BC66000D3594C /* Sources */,
				930F5713151BC66000D3594C /* Frameworks */,
				930F5714151BC66000D3594C /* Resources */,
			);
			buildRules = (
			);
			dependencies = (
			);
			name = tweetagainst;
			productName = tweetagainst;
			productReference = 930F5716151BC66000D3594C /* tweetagainst.app */;
			productType = "com.apple.product-type.application";
		};
		930F5736151BC66000D3594C /* tweetagainstTests */ = {
			isa = PBXNativeTarget;
			buildConfigurationList = 930F574C151BC66100D3594C /* Build configuration list for PBXNativeTarget "tweetagainstTests" */;
			buildPhases = (
				930F5732151BC66000D3594C /* Sources */,
				930F5733151BC66000D3594C /* Frameworks */,
				930F5734151BC66000D3594C /* Resources */,
				930F5735151BC66000D3594C /* ShellScript */,
			);
			buildRules = (
			);
			dependencies = (
				930F573D151BC66000D3594C /* PBXTargetDependency */,
			);
			name = tweetagainstTests;
			productName = tweetagainstTests;
			productReference = 930F5737151BC66000D3594C /* tweetagainstTests.octest */;
			productType = "com.apple.product-type.bundle";
		};
/* End PBXNativeTarget section */

/* Begin PBXProject section */
		930F570D151BC66000D3594C /* Project object */ = {
			isa = PBXProject;
			attributes = {
				LastUpgradeCheck = 0420;
			};
			buildConfigurationList = 930F5710151BC66000D3594C /* Build configuration list for PBXProject "tweetagainst" */;
			compatibilityVersion = "Xcode 3.2";
			developmentRegion = English;
			hasScannedForEncodings = 0;
			knownRegions = (
				en,
			);
			mainGroup = 930F570B151BC66000D3594C;
			productRefGroup = 930F5717151BC66000D3594C /* Products */;
			projectDirPath = "";
			projectRoot = "";
			targets = (
				930F5715151BC66000D3594C /* tweetagainst */,
				930F5736151BC66000D3594C /* tweetagainstTests */,
			);
		};
/* End PBXProject section */

/* Begin PBXResourcesBuildPhase section */
		930F5714151BC66000D3594C /* Resources */ = {
			isa = PBXResourcesBuildPhase;
			buildActionMask = 2147483647;
			files = (
				930F5725151BC66000D3594C /* InfoPlist.strings in Resources */,
				930F572E151BC66000D3594C /* MainStoryboard.storyboard in Resources */,
				930F5757151BCD2500D3594C /* Assets in Resources */,
			);
			runOnlyForDeploymentPostprocessing = 0;
		};
		930F5734151BC66000D3594C /* Resources */ = {
			isa = PBXResourcesBuildPhase;
			buildActionMask = 2147483647;
			files = (
				930F5743151BC66000D3594C /* InfoPlist.strings in Resources */,
			);
			runOnlyForDeploymentPostprocessing = 0;
		};
/* End PBXResourcesBuildPhase section */

/* Begin PBXShellScriptBuildPhase section */
		930F5735151BC66000D3594C /* ShellScript */ = {
			isa = PBXShellScriptBuildPhase;
			buildActionMask = 2147483647;
			files = (
			);
			inputPaths = (
			);
			outputPaths = (
			);
			runOnlyForDeploymentPostprocessing = 0;
			shellPath = /bin/sh;
			shellScript = "# Run the unit tests in this test bundle.\n\"${SYSTEM_DEVELOPER_DIR}/Tools/RunUnitTests\"\n";
		};
/* End PBXShellScriptBuildPhase section */

/* Begin PBXSourcesBuildPhase section */
		930F5712151BC66000D3594C /* Sources */ = {
			isa = PBXSourcesBuildPhase;
			buildActionMask = 2147483647;
			files = (
				930F5727151BC66000D3594C /* main.m in Sources */,
				930F572B151BC66000D3594C /* AppDelegate.m in Sources */,
				930F5731151BC66000D3594C /* ViewController.m in Sources */,
			);
			runOnlyForDeploymentPostprocessing = 0;
		};
		930F5732151BC66000D3594C /* Sources */ = {
			isa = PBXSourcesBuildPhase;
			buildActionMask = 2147483647;
			files = (
				930F5746151BC66000D3594C /* tweetagainstTests.m in Sources */,
			);
			runOnlyForDeploymentPostprocessing = 0;
		};
/* End PBXSourcesBuildPhase section */

/* Begin PBXTargetDependency section */
		930F573D151BC66000D3594C /* PBXTargetDependency */ = {
			isa = PBXTargetDependency;
			target = 930F5715151BC66000D3594C /* tweetagainst */;
			targetProxy = 930F573C151BC66000D3594C /* PBXContainerItemProxy */;
		};
/* End PBXTargetDependency section */

/* Begin PBXVariantGroup section */
		930F5723151BC66000D3594C /* InfoPlist.strings */ = {
			isa = PBXVariantGroup;
			children = (
				930F5724151BC66000D3594C /* en */,
			);
			name = InfoPlist.strings;
			sourceTree = "<group>";
		};
		930F572C151BC66000D3594C /* MainStoryboard.storyboard */ = {
			isa = PBXVariantGroup;
			children = (
				930F572D151BC66000D3594C /* en */,
			);
			name = MainStoryboard.storyboard;
			sourceTree = "<group>";
		};
		930F5741151BC66000D3594C /* InfoPlist.strings */ = {
			isa = PBXVariantGroup;
			children = (
				930F5742151BC66000D3594C /* en */,
			);
			name = InfoPlist.strings;
			sourceTree = "<group>";
		};
/* End PBXVariantGroup section */

/* Begin XCBuildConfiguration section */
		930F5747151BC66100D3594C /* Debug */ = {
			isa = XCBuildConfiguration;
			buildSettings = {
				ALWAYS_SEARCH_USER_PATHS = NO;
				ARCHS = "$(ARCHS_STANDARD_32_BIT)";
				CLANG_ENABLE_OBJC_ARC = YES;
				"CODE_SIGN_IDENTITY[sdk=iphoneos*]" = "iPhone Developer";
				COPY_PHASE_STRIP = NO;
				GCC_C_LANGUAGE_STANDARD = gnu99;
				GCC_DYNAMIC_NO_PIC = NO;
				GCC_OPTIMIZATION_LEVEL = 0;
				GCC_PREPROCESSOR_DEFINITIONS = (
					"DEBUG=1",
					"$(inherited)",
				);
				GCC_SYMBOLS_PRIVATE_EXTERN = NO;
				GCC_VERSION = com.apple.compilers.llvm.clang.1_0;
				GCC_WARN_ABOUT_MISSING_PROTOTYPES = YES;
				GCC_WARN_ABOUT_RETURN_TYPE = YES;
				GCC_WARN_UNUSED_VARIABLE = YES;
				IPHONEOS_DEPLOYMENT_TARGET = 5.0;
				SDKROOT = iphoneos;
			};
			name = Debug;
		};
		930F5748151BC66100D3594C /* Release */ = {
			isa = XCBuildConfiguration;
			buildSettings = {
				ALWAYS_SEARCH_USER_PATHS = NO;
				ARCHS = "$(ARCHS_STANDARD_32_BIT)";
				CLANG_ENABLE_OBJC_ARC = YES;
				"CODE_SIGN_IDENTITY[sdk=iphoneos*]" = "iPhone Developer";
				COPY_PHASE_STRIP = YES;
				GCC_C_LANGUAGE_STANDARD = gnu99;
				GCC_VERSION = com.apple.compilers.llvm.clang.1_0;
				GCC_WARN_ABOUT_MISSING_PROTOTYPES = YES;
				GCC_WARN_ABOUT_RETURN_TYPE = YES;
				GCC_WARN_UNUSED_VARIABLE = YES;
				IPHONEOS_DEPLOYMENT_TARGET = 5.0;
				OTHER_CFLAGS = "-DNS_BLOCK_ASSERTIONS=1";
				SDKROOT = iphoneos;
				VALIDATE_PRODUCT = YES;
			};
			name = Release;
		};
		930F574A151BC66100D3594C /* Debug */ = {
			isa = XCBuildConfiguration;
			buildSettings = {
				GCC_PRECOMPILE_PREFIX_HEADER = YES;
				GCC_PREFIX_HEADER = "tweetagainst/tweetagainst-Prefix.pch";
				INFOPLIST_FILE = "tweetagainst/tweetagainst-Info.plist";
				PRODUCT_NAME = "$(TARGET_NAME)";
				WRAPPER_EXTENSION = app;
			};
			name = Debug;
		};
		930F574B151BC66100D3594C /* Release */ = {
			isa = XCBuildConfiguration;
			buildSettings = {
				GCC_PRECOMPILE_PREFIX_HEADER = YES;
				GCC_PREFIX_HEADER = "tweetagainst/tweetagainst-Prefix.pch";
				INFOPLIST_FILE = "tweetagainst/tweetagainst-Info.plist";
				PRODUCT_NAME = "$(TARGET_NAME)";
				WRAPPER_EXTENSION = app;
			};
			name = Release;
		};
		930F574D151BC66100D3594C /* Debug */ = {
			isa = XCBuildConfiguration;
			buildSettings = {
				BUNDLE_LOADER = "$(BUILT_PRODUCTS_DIR)/tweetagainst.app/tweetagainst";
				FRAMEWORK_SEARCH_PATHS = (
					"$(SDKROOT)/Developer/Library/Frameworks",
					"$(DEVELOPER_LIBRARY_DIR)/Frameworks",
				);
				GCC_PRECOMPILE_PREFIX_HEADER = YES;
				GCC_PREFIX_HEADER = "tweetagainst/tweetagainst-Prefix.pch";
				INFOPLIST_FILE = "tweetagainstTests/tweetagainstTests-Info.plist";
				PRODUCT_NAME = "$(TARGET_NAME)";
				TEST_HOST = "$(BUNDLE_LOADER)";
				WRAPPER_EXTENSION = octest;
			};
			name = Debug;
		};
		930F574E151BC66100D3594C /* Release */ = {
			isa = XCBuildConfiguration;
			buildSettings = {
				BUNDLE_LOADER = "$(BUILT_PRODUCTS_DIR)/tweetagainst.app/tweetagainst";
				FRAMEWORK_SEARCH_PATHS = (
					"$(SDKROOT)/Developer/Library/Frameworks",
					"$(DEVELOPER_LIBRARY_DIR)/Frameworks",
				);
				GCC_PRECOMPILE_PREFIX_HEADER = YES;
				GCC_PREFIX_HEADER = "tweetagainst/tweetagainst-Prefix.pch";
				INFOPLIST_FILE = "tweetagainstTests/tweetagainstTests-Info.plist";
				PRODUCT_NAME = "$(TARGET_NAME)";
				TEST_HOST = "$(BUNDLE_LOADER)";
				WRAPPER_EXTENSION = octest;
			};
			name = Release;
		};
/* End XCBuildConfiguration section */

/* Begin XCConfigurationList section */
		930F5710151BC66000D3594C /* Build configuration list for PBXProject "tweetagainst" */ = {
			isa = XCConfigurationList;
			buildConfigurations = (
				930F5747151BC66100D3594C /* Debug */,
				930F5748151BC66100D3594C /* Release */,
			);
			defaultConfigurationIsVisible = 0;
			defaultConfigurationName = Release;
		};
		930F5749151BC66100D3594C /* Build configuration list for PBXNativeTarget "tweetagainst" */ = {
			isa = XCConfigurationList;
			buildConfigurations = (
				930F574A151BC66100D3594C /* Debug */,
				930F574B151BC66100D3594C /* Release */,
			);
			defaultConfigurationIsVisible = 0;
			defaultConfigurationName = Release;
		};
		930F574C151BC66100D3594C /* Build configuration list for PBXNativeTarget "tweetagainstTests" */ = {
			isa = XCConfigurationList;
			buildConfigurations = (
				930F574D151BC66100D3594C /* Debug */,
				930F574E151BC66100D3594C /* Release */,
			);
			defaultConfigurationIsVisible = 0;
			defaultConfigurationName = Release;
		};
/* End XCConfigurationList section */
	};
	rootObject = 930F570D151BC66000D3594C /* Project object */;
}
